// !$*UTF8*$!
{
	archiveVersion = 1;
	classes = {
	};
	objectVersion = 50;
	objects = {

/* Begin PBXBuildFile section */
		594437F1237B4C340098FC32 /* AppDelegate.swift in Sources */ = {isa = PBXBuildFile; fileRef = 594437F0237B4C340098FC32 /* AppDelegate.swift */; };
		594437F3237B4C340098FC32 /* SceneDelegate.swift in Sources */ = {isa = PBXBuildFile; fileRef = 594437F2237B4C340098FC32 /* SceneDelegate.swift */; };
		594437F5237B4C340098FC32 /* ViewController.swift in Sources */ = {isa = PBXBuildFile; fileRef = 594437F4237B4C340098FC32 /* ViewController.swift */; };
		594437F8237B4C340098FC32 /* Main.storyboard in Resources */ = {isa = PBXBuildFile; fileRef = 594437F6237B4C340098FC32 /* Main.storyboard */; };
		594437FA237B4C380098FC32 /* Assets.xcassets in Resources */ = {isa = PBXBuildFile; fileRef = 594437F9237B4C380098FC32 /* Assets.xcassets */; };
		594437FD237B4C380098FC32 /* LaunchScreen.storyboard in Resources */ = {isa = PBXBuildFile; fileRef = 594437FB237B4C380098FC32 /* LaunchScreen.storyboard */; };
/* End PBXBuildFile section */

/* Begin PBXFileReference section */
		594437ED237B4C340098FC32 /* Gestures.app */ = {isa = PBXFileReference; explicitFileType = wrapper.application; includeInIndex = 0; path = Gestures.app; sourceTree = BUILT_PRODUCTS_DIR; };
		594437F0237B4C340098FC32 /* AppDelegate.swift */ = {isa = PBXFileReference; lastKnownFileType = sourcecode.swift; path = AppDelegate.swift; sourceTree = "<group>"; };
		594437F2237B4C340098FC32 /* SceneDelegate.swift */ = {isa = PBXFileReference; lastKnownFileType = sourcecode.swift; path = SceneDelegate.swift; sourceTree = "<group>"; };
		594437F4237B4C340098FC32 /* ViewController.swift */ = {isa = PBXFileReference; lastKnownFileType = sourcecode.swift; path = ViewController.swift; sourceTree = "<group>"; };
		594437F7237B4C340098FC32 /* Base */ = {isa = PBXFileReference; lastKnownFileType = file.storyboard; name = Base; path = Base.lproj/Main.storyboard; sourceTree = "<group>"; };
		594437F9237B4C380098FC32 /* Assets.xcassets */ = {isa = PBXFileReference; lastKnownFileType = folder.assetcatalog; path = Assets.xcassets; sourceTree = "<group>"; };
		594437FC237B4C380098FC32 /* Base */ = {isa = PBXFileReference; lastKnownFileType = file.storyboard; name = Base; path = Base.lproj/LaunchScreen.storyboard; sourceTree = "<group>"; };
		594437FE237B4C380098FC32 /* Info.plist */ = {isa = PBXFileReference; lastKnownFileType = text.plist.xml; path = Info.plist; sourceTree = "<group>"; };
/* End PBXFileReference section */

/* Begin PBXFrameworksBuildPhase section */
		594437EA237B4C340098FC32 /* Frameworks */ = {
			isa = PBXFrameworksBuildPhase;
			buildActionMask = 2147483647;
			files = (
			);
			runOnlyForDeploymentPostprocessing = 0;
		};
/* End PBXFrameworksBuildPhase section */

/* Begin PBXGroup section */
		594437E4237B4C340098FC32 = {
			isa = PBXGroup;
			children = (
				594437EF237B4C340098FC32 /* GestureRecognizer */,
				594437EE237B4C340098FC32 /* Products */,
			);
			sourceTree = "<group>";
		};
		594437EE237B4C340098FC32 /* Products */ = {
			isa = PBXGroup;
			children = (
				594437ED237B4C340098FC32 /* Gestures.app */,
			);
			name = Products;
			sourceTree = "<group>";
		};
		594437EF237B4C340098FC32 /* GestureRecognizer */ = {
			isa = PBXGroup;
			children = (
				59443809237B4E900098FC32 /* Model */,
				59443808237B4E8A0098FC32 /* Views */,
				59443807237B4E800098FC32 /* Controllers */,
				59443806237B4E780098FC32 /* Delegates */,
				59443805237B4E6E0098FC32 /* Storyboards */,
				59443804237B4D400098FC32 /* Files */,
				594437F9237B4C380098FC32 /* Assets.xcassets */,
				594437FE237B4C380098FC32 /* Info.plist */,
			);
			path = GestureRecognizer;
			sourceTree = "<group>";
		};
		59443804237B4D400098FC32 /* Files */ = {
			isa = PBXGroup;
			children = (
			);
			path = Files;
			sourceTree = "<group>";
		};
		59443805237B4E6E0098FC32 /* Storyboards */ = {
			isa = PBXGroup;
			children = (
				594437F6237B4C340098FC32 /* Main.storyboard */,
				594437FB237B4C380098FC32 /* LaunchScreen.storyboard */,
			);
			path = Storyboards;
			sourceTree = "<group>";
		};
		59443806237B4E780098FC32 /* Delegates */ = {
			isa = PBXGroup;
			children = (
				594437F0237B4C340098FC32 /* AppDelegate.swift */,
				594437F2237B4C340098FC32 /* SceneDelegate.swift */,
			);
			path = Delegates;
			sourceTree = "<group>";
		};
		59443807237B4E800098FC32 /* Controllers */ = {
			isa = PBXGroup;
			children = (
				594437F4237B4C340098FC32 /* ViewController.swift */,
			);
			path = Controllers;
			sourceTree = "<group>";
		};
		59443808237B4E8A0098FC32 /* Views */ = {
			isa = PBXGroup;
			children = (
			);
			path = Views;
			sourceTree = "<group>";
		};
		59443809237B4E900098FC32 /* Model */ = {
			isa = PBXGroup;
			children = (
			);
			path = Model;
			sourceTree = "<group>";
		};
/* End PBXGroup section */

/* Begin PBXNativeTarget section */
		594437EC237B4C340098FC32 /* GestureRecognizer */ = {
			isa = PBXNativeTarget;
			buildConfigurationList = 59443801237B4C380098FC32 /* Build configuration list for PBXNativeTarget "GestureRecognizer" */;
			buildPhases = (
				594437E9237B4C340098FC32 /* Sources */,
				594437EA237B4C340098FC32 /* Frameworks */,
				594437EB237B4C340098FC32 /* Resources */,
			);
			buildRules = (
			);
			dependencies = (
			);
			name = GestureRecognizer;
			productName = GestureRecognizer;
			productReference = 594437ED237B4C340098FC32 /* Gestures.app */;
			productType = "com.apple.product-type.application";
		};
/* End PBXNativeTarget section */

/* Begin PBXProject section */
		594437E5237B4C340098FC32 /* Project object */ = {
			isa = PBXProject;
			attributes = {
				LastSwiftUpdateCheck = 1120;
				LastUpgradeCheck = 1120;
				ORGANIZATIONNAME = "Jeffrey Lai";
				TargetAttributes = {
					594437EC237B4C340098FC32 = {
						CreatedOnToolsVersion = 11.2;
					};
				};
			};
			buildConfigurationList = 594437E8237B4C340098FC32 /* Build configuration list for PBXProject "GestureRecognizer" */;
			compatibilityVersion = "Xcode 9.3";
			developmentRegion = en;
			hasScannedForEncodings = 0;
			knownRegions = (
				en,
				Base,
			);
			mainGroup = 594437E4237B4C340098FC32;
			productRefGroup = 594437EE237B4C340098FC32 /* Products */;
			projectDirPath = "";
			projectRoot = "";
			targets = (
				594437EC237B4C340098FC32 /* GestureRecognizer */,
			);
		};
/* End PBXProject section */

/* Begin PBXResourcesBuildPhase section */
		594437EB237B4C340098FC32 /* Resources */ = {
			isa = PBXResourcesBuildPhase;
			buildActionMask = 2147483647;
			files = (
				594437FD237B4C380098FC32 /* LaunchScreen.storyboard in Resources */,
				594437FA237B4C380098FC32 /* Assets.xcassets in Resources */,
				594437F8237B4C340098FC32 /* Main.storyboard in Resources */,
			);
			runOnlyForDeploymentPostprocessing = 0;
		};
/* End PBXResourcesBuildPhase section */

/* Begin PBXSourcesBuildPhase section */
		594437E9237B4C340098FC32 /* Sources */ = {
			isa = PBXSourcesBuildPhase;
			buildActionMask = 2147483647;
			files = (
				594437F5237B4C340098FC32 /* ViewController.swift in Sources */,
				594437F1237B4C340098FC32 /* AppDelegate.swift in Sources */,
				594437F3237B4C340098FC32 /* SceneDelegate.swift in Sources */,
			);
			runOnlyForDeploymentPostprocessing = 0;
		};
/* End PBXSourcesBuildPhase section */

/* Begin PBXVariantGroup section */
		594437F6237B4C340098FC32 /* Main.storyboard */ = {
			isa = PBXVariantGroup;
			children = (
				594437F7237B4C340098FC32 /* Base */,
			);
			name = Main.storyboard;
			sourceTree = "<group>";
		};
		594437FB237B4C380098FC32 /* LaunchScreen.storyboard */ = {
			isa = PBXVariantGroup;
			children = (
				594437FC237B4C380098FC32 /* Base */,
			);
			name = LaunchScreen.storyboard;
			sourceTree = "<group>";
		};
/* End PBXVariantGroup section */

/* Begin XCBuildConfiguration section */
		594437FF237B4C380098FC32 /* Debug */ = {
			isa = XCBuildConfiguration;
			buildSettings = {
				ALWAYS_SEARCH_USER_PATHS = NO;
				CLANG_ANALYZER_NONNULL = YES;
				CLANG_ANALYZER_NUMBER_OBJECT_CONVERSION = YES_AGGRESSIVE;
				CLANG_CXX_LANGUAGE_STANDARD = "gnu++14";
				CLANG_CXX_LIBRARY = "libc++";
				CLANG_ENABLE_MODULES = YES;
				CLANG_ENABLE_OBJC_ARC = YES;
				CLANG_ENABLE_OBJC_WEAK = YES;
				CLANG_WARN_BLOCK_CAPTURE_AUTORELEASING = YES;
				CLANG_WARN_BOOL_CONVERSION = YES;
				CLANG_WARN_COMMA = YES;
				CLANG_WARN_CONSTANT_CONVERSION = YES;
				CLANG_WARN_DEPRECATED_OBJC_IMPLEMENTATIONS = YES;
				CLANG_WARN_DIRECT_OBJC_ISA_USAGE = YES_ERROR;
				CLANG_WARN_DOCUMENTATION_COMMENTS = YES;
				CLANG_WARN_EMPTY_BODY = YES;
				CLANG_WARN_ENUM_CONVERSION = YES;
				CLANG_WARN_INFINITE_RECURSION = YES;
				CLANG_WARN_INT_CONVERSION = YES;
				CLANG_WARN_NON_LITERAL_NULL_CONVERSION = YES;
				CLANG_WARN_OBJC_IMPLICIT_RETAIN_SELF = YES;
				CLANG_WARN_OBJC_LITERAL_CONVERSION = YES;
				CLANG_WARN_OBJC_ROOT_CLASS = YES_ERROR;
				CLANG_WARN_RANGE_LOOP_ANALYSIS = YES;
				CLANG_WARN_STRICT_PROTOTYPES = YES;
				CLANG_WARN_SUSPICIOUS_MOVE = YES;
				CLANG_WARN_UNGUARDED_AVAILABILITY = YES_AGGRESSIVE;
				CLANG_WARN_UNREACHABLE_CODE = YES;
				CLANG_WARN__DUPLICATE_METHOD_MATCH = YES;
				COPY_PHASE_STRIP = NO;
				DEBUG_INFORMATION_FORMAT = dwarf;
				ENABLE_STRICT_OBJC_MSGSEND = YES;
				ENABLE_TESTABILITY = YES;
				GCC_C_LANGUAGE_STANDARD = gnu11;
				GCC_DYNAMIC_NO_PIC = NO;
				GCC_NO_COMMON_BLOCKS = YES;
				GCC_OPTIMIZATION_LEVEL = 0;
				GCC_PREPROCESSOR_DEFINITIONS = (
					"DEBUG=1",
					"$(inherited)",
				);
				GCC_WARN_64_TO_32_BIT_CONVERSION = YES;
				GCC_WARN_ABOUT_RETURN_TYPE = YES_ERROR;
				GCC_WARN_UNDECLARED_SELECTOR = YES;
				GCC_WARN_UNINITIALIZED_AUTOS = YES_AGGRESSIVE;
				GCC_WARN_UNUSED_FUNCTION = YES;
				GCC_WARN_UNUSED_VARIABLE = YES;
				IPHONEOS_DEPLOYMENT_TARGET = 13.2;
				MTL_ENABLE_DEBUG_INFO = INCLUDE_SOURCE;
				MTL_FAST_MATH = YES;
				ONLY_ACTIVE_ARCH = YES;
				SDKROOT = iphoneos;
				SWIFT_ACTIVE_COMPILATION_CONDITIONS = DEBUG;
				SWIFT_OPTIMIZATION_LEVEL = "-Onone";
			};
			name = Debug;
		};
		59443800237B4C380098FC32 /* Release */ = {
			isa = XCBuildConfiguration;
			buildSettings = {
				ALWAYS_SEARCH_USER_PATHS = NO;
				CLANG_ANALYZER_NONNULL = YES;
				CLANG_ANALYZER_NUMBER_OBJECT_CONVERSION = YES_AGGRESSIVE;
				CLANG_CXX_LANGUAGE_STANDARD = "gnu++14";
				CLANG_CXX_LIBRARY = "libc++";
				CLANG_ENABLE_MODULES = YES;
				CLANG_ENABLE_OBJC_ARC = YES;
				CLANG_ENABLE_OBJC_WEAK = YES;
				CLANG_WARN_BLOCK_CAPTURE_AUTORELEASING = YES;
				CLANG_WARN_BOOL_CONVERSION = YES;
				CLANG_WARN_COMMA = YES;
				CLANG_WARN_CONSTANT_CONVERSION = YES;
				CLANG_WARN_DEPRECATED_OBJC_IMPLEMENTATIONS = YES;
				CLANG_WARN_DIRECT_OBJC_ISA_USAGE = YES_ERROR;
				CLANG_WARN_DOCUMENTATION_COMMENTS = YES;
				CLANG_WARN_EMPTY_BODY = YES;
				CLANG_WARN_ENUM_CONVERSION = YES;
				CLANG_WARN_INFINITE_RECURSION = YES;
				CLANG_WARN_INT_CONVERSION = YES;
				CLANG_WARN_NON_LITERAL_NULL_CONVERSION = YES;
				CLANG_WARN_OBJC_IMPLICIT_RETAIN_SELF = YES;
				CLANG_WARN_OBJC_LITERAL_CONVERSION = YES;
				CLANG_WARN_OBJC_ROOT_CLASS = YES_ERROR;
				CLANG_WARN_RANGE_LOOP_ANALYSIS = YES;
				CLANG_WARN_STRICT_PROTOTYPES = YES;
				CLANG_WARN_SUSPICIOUS_MOVE = YES;
				CLANG_WARN_UNGUARDED_AVAILABILITY = YES_AGGRESSIVE;
				CLANG_WARN_UNREACHABLE_CODE = YES;
				CLANG_WARN__DUPLICATE_METHOD_MATCH = YES;
				COPY_PHASE_STRIP = NO;
				DEBUG_INFORMATION_FORMAT = "dwarf-with-dsym";
				ENABLE_NS_ASSERTIONS = NO;
				ENABLE_STRICT_OBJC_MSGSEND = YES;
				GCC_C_LANGUAGE_STANDARD = gnu11;
				GCC_NO_COMMON_BLOCKS = YES;
				GCC_WARN_64_TO_32_BIT_CONVERSION = YES;
				GCC_WARN_ABOUT_RETURN_TYPE = YES_ERROR;
				GCC_WARN_UNDECLARED_SELECTOR = YES;
				GCC_WARN_UNINITIALIZED_AUTOS = YES_AGGRESSIVE;
				GCC_WARN_UNUSED_FUNCTION = YES;
				GCC_WARN_UNUSED_VARIABLE = YES;
				IPHONEOS_DEPLOYMENT_TARGET = 13.2;
				MTL_ENABLE_DEBUG_INFO = NO;
				MTL_FAST_MATH = YES;
				SDKROOT = iphoneos;
				SWIFT_COMPILATION_MODE = wholemodule;
				SWIFT_OPTIMIZATION_LEVEL = "-O";
				VALIDATE_PRODUCT = YES;
			};
			name = Release;
		};
		59443802237B4C380098FC32 /* Debug */ = {
			isa = XCBuildConfiguration;
			buildSettings = {
				ASSETCATALOG_COMPILER_APPICON_NAME = AppIcon;
				CODE_SIGN_STYLE = Automatic;
				DEVELOPMENT_TEAM = 6XGS262W7D;
				INFOPLIST_FILE = GestureRecognizer/Info.plist;
				LD_RUNPATH_SEARCH_PATHS = (
					"$(inherited)",
					"@executable_path/Frameworks",
				);
				PRODUCT_BUNDLE_IDENTIFIER = com.talismanmobile.GestureRecognizer;
				PRODUCT_NAME = Gestures;
				SWIFT_VERSION = 5.0;
				TARGETED_DEVICE_FAMILY = "1,2";
			};
			name = Debug;
		};
		59443803237B4C380098FC32 /* Release */ = {
			isa = XCBuildConfiguration;
			buildSettings = {
				ASSETCATALOG_COMPILER_APPICON_NAME = AppIcon;
				CODE_SIGN_STYLE = Automatic;
				DEVELOPMENT_TEAM = 6XGS262W7D;
				INFOPLIST_FILE = GestureRecognizer/Info.plist;
				LD_RUNPATH_SEARCH_PATHS = (
					"$(inherited)",
					"@executable_path/Frameworks",
				);
				PRODUCT_BUNDLE_IDENTIFIER = com.talismanmobile.GestureRecognizer;
				PRODUCT_NAME = Gestures;
				SWIFT_VERSION = 5.0;
				TARGETED_DEVICE_FAMILY = "1,2";
			};
			name = Release;
		};
/* End XCBuildConfiguration section */

/* Begin XCConfigurationList section */
		594437E8237B4C340098FC32 /* Build configuration list for PBXProject "GestureRecognizer" */ = {
			isa = XCConfigurationList;
			buildConfigurations = (
				594437FF237B4C380098FC32 /* Debug */,
				59443800237B4C380098FC32 /* Release */,
			);
			defaultConfigurationIsVisible = 0;
			defaultConfigurationName = Release;
		};
		59443801237B4C380098FC32 /* Build configuration list for PBXNativeTarget "GestureRecognizer" */ = {
			isa = XCConfigurationList;
			buildConfigurations = (
				59443802237B4C380098FC32 /* Debug */,
				59443803237B4C380098FC32 /* Release */,
			);
			defaultConfigurationIsVisible = 0;
			defaultConfigurationName = Release;
		};
/* End XCConfigurationList section */
	};
	rootObject = 594437E5237B4C340098FC32 /* Project object */;
}
